
Microsoft Visual Studio Solution File, Format Version 12.00
# Visual Studio 14
VisualStudioVersion = 14.0.25420.1
MinimumVisualStudioVersion = 10.0.40219.1
Project("{FAE04EC0-301F-11D3-BF4B-00C04F79EFBC}") = "ValidationEngine", "Exercise1\ValidationEngine.csproj", "{DF498B0D-DCD8-43B8-9D5C-7CE16E1E9CA2}"
EndProject
Project("{FAE04EC0-301F-11D3-BF4B-00C04F79EFBC}") = "ValidationEngine.Tests", "ValidationEngine.Tests\ValidationEngine.Tests.csproj", "{EB9C91A6-B3A1-45EC-8454-C770A3E21E6C}"
EndProject
Project("{2150E333-8FDC-42A3-9474-1A3956D46DE8}") = "Exercise1", "Exercise1", "{A97551CB-179F-498F-B400-F18362E7A8AA}"
EndProject
Project("{2150E333-8FDC-42A3-9474-1A3956D46DE8}") = "NonMandatory", "NonMandatory", "{55DEC3A7-53E7-4CDB-8DB0-B5720AC6C421}"
EndProject
Project("{2150E333-8FDC-42A3-9474-1A3956D46DE8}") = "NMex1", "NMex1", "{D3E6401C-5C31-4AE7-AA4B-A70821D46839}"
EndProject
Project("{FAE04EC0-301F-11D3-BF4B-00C04F79EFBC}") = "CoinChangerApplication", "..\NonMandatory\CoinChanger\CoinChangerApplication.csproj", "{1459F300-5293-4DBC-9FEA-A6AF2DB7C089}"
EndProject
Project("{FAE04EC0-301F-11D3-BF4B-00C04F79EFBC}") = "CoinChanger.Test", "CoinChanger.Test\CoinChanger.Test.csproj", "{25659FFF-E2F8-439C-AA78-0B7FBE371AEC}"
EndProject
Project("{2150E333-8FDC-42A3-9474-1A3956D46DE8}") = "Exercise2", "Exercise2", "{E7B8CB37-C712-48DD-A162-C051FF194190}"
EndProject
Project("{FAE04EC0-301F-11D3-BF4B-00C04F79EFBC}") = "TravelAgency", "TravelAgency\TravelAgency.csproj", "{4B0A365D-7EAF-40A3-96C0-8B9DB375BE5F}"
EndProject
Project("{FAE04EC0-301F-11D3-BF4B-00C04F79EFBC}") = "TravelAgency.Tests", "TravelAgency.Tests\TravelAgency.Tests.csproj", "{A9DE89A0-7788-4098-8BC5-ADF41250FA1A}"
EndProject
Project("{2150E333-8FDC-42A3-9474-1A3956D46DE8}") = "Exercise3", "Exercise3", "{47A40425-FED0-409C-BCF7-544F3AE990DF}"
EndProject
Project("{FAE04EC0-301F-11D3-BF4B-00C04F79EFBC}") = "StringCalculatorApp", "Exercise3\StringCalculatorApp\StringCalculatorApp.csproj", "{477737D7-0E0B-4EA3-9DCC-0B1C46312686}"
EndProject
Project("{FAE04EC0-301F-11D3-BF4B-00C04F79EFBC}") = "StringCalculator.Tests", "Exercise3\StringCalculator.Tests\StringCalculator.Tests.csproj", "{9FDF0DCD-8099-43A5-90FE-40F7A36BDB9C}"
EndProject
Project("{2150E333-8FDC-42A3-9474-1A3956D46DE8}") = "NMminiActionExercise", "NMminiActionExercise", "{D45A8F19-905F-4DB9-AD24-9312910487E4}"
EndProject
Project("{FAE04EC0-301F-11D3-BF4B-00C04F79EFBC}") = "ActionExercise1", "ConsoleApplication1\ActionExercise1.csproj", "{E44A521F-3A81-4C57-918F-059E5DA27CEC}"
EndProject
Project("{2150E333-8FDC-42A3-9474-1A3956D46DE8}") = "ExtraExercise3NSubstitute", "ExtraExercise3NSubstitute", "{90E3099D-6BA4-4750-A23C-024499C8E10B}"
EndProject
Project("{FAE04EC0-301F-11D3-BF4B-00C04F79EFBC}") = "BankingSolution", "BankingSolution\BankingSolution.csproj", "{DD175595-851A-426F-8A98-EBFC6253A1AC}"
EndProject
Project("{FAE04EC0-301F-11D3-BF4B-00C04F79EFBC}") = "BankingSolution.Tests", "BankingSolution.Tests\BankingSolution.Tests.csproj", "{41DC9768-D844-4F8D-8566-8899500BAC9E}"
EndProject
Project("{2150E333-8FDC-42A3-9474-1A3956D46DE8}") = "Exercise5 - Equality", "Exercise5 - Equality", "{832F2221-E243-4245-BAF9-0D6AB7F1C960}"
EndProject
Project("{FAE04EC0-301F-11D3-BF4B-00C04F79EFBC}") = "Exercise 5.1", "..\..\..\..\Documents\Kurser\TDD\Week3\day-6\Exercise 5 - Equality Start code\Exercise 5.1\Exercise 5.1.csproj", "{4534A18B-4E13-49E7-8A25-6B90F7EF5A76}"
EndProject
Global
	GlobalSection(SolutionConfigurationPlatforms) = preSolution
		Debug|Any CPU = Debug|Any CPU
		Release|Any CPU = Release|Any CPU
	EndGlobalSection
	GlobalSection(ProjectConfigurationPlatforms) = postSolution
		{DF498B0D-DCD8-43B8-9D5C-7CE16E1E9CA2}.Debug|Any CPU.ActiveCfg = Debug|Any CPU
		{DF498B0D-DCD8-43B8-9D5C-7CE16E1E9CA2}.Debug|Any CPU.Build.0 = Debug|Any CPU
		{DF498B0D-DCD8-43B8-9D5C-7CE16E1E9CA2}.Release|Any CPU.ActiveCfg = Release|Any CPU
		{DF498B0D-DCD8-43B8-9D5C-7CE16E1E9CA2}.Release|Any CPU.Build.0 = Release|Any CPU
		{EB9C91A6-B3A1-45EC-8454-C770A3E21E6C}.Debug|Any CPU.ActiveCfg = Debug|Any CPU
		{EB9C91A6-B3A1-45EC-8454-C770A3E21E6C}.Debug|Any CPU.Build.0 = Debug|Any CPU
		{EB9C91A6-B3A1-45EC-8454-C770A3E21E6C}.Release|Any CPU.ActiveCfg = Release|Any CPU
		{EB9C91A6-B3A1-45EC-8454-C770A3E21E6C}.Release|Any CPU.Build.0 = Release|Any CPU
		{1459F300-5293-4DBC-9FEA-A6AF2DB7C089}.Debug|Any CPU.ActiveCfg = Debug|Any CPU
		{1459F300-5293-4DBC-9FEA-A6AF2DB7C089}.Debug|Any CPU.Build.0 = Debug|Any CPU
		{1459F300-5293-4DBC-9FEA-A6AF2DB7C089}.Release|Any CPU.ActiveCfg = Release|Any CPU
		{1459F300-5293-4DBC-9FEA-A6AF2DB7C089}.Release|Any CPU.Build.0 = Release|Any CPU
		{25659FFF-E2F8-439C-AA78-0B7FBE371AEC}.Debug|Any CPU.ActiveCfg = Debug|Any CPU
		{25659FFF-E2F8-439C-AA78-0B7FBE371AEC}.Debug|Any CPU.Build.0 = Debug|Any CPU
		{25659FFF-E2F8-439C-AA78-0B7FBE371AEC}.Release|Any CPU.ActiveCfg = Release|Any CPU
		{25659FFF-E2F8-439C-AA78-0B7FBE371AEC}.Release|Any CPU.Build.0 = Release|Any CPU
		{4B0A365D-7EAF-40A3-96C0-8B9DB375BE5F}.Debug|Any CPU.ActiveCfg = Debug|Any CPU
		{4B0A365D-7EAF-40A3-96C0-8B9DB375BE5F}.Debug|Any CPU.Build.0 = Debug|Any CPU
		{4B0A365D-7EAF-40A3-96C0-8B9DB375BE5F}.Release|Any CPU.ActiveCfg = Release|Any CPU
		{4B0A365D-7EAF-40A3-96C0-8B9DB375BE5F}.Release|Any CPU.Build.0 = Release|Any CPU
		{A9DE89A0-7788-4098-8BC5-ADF41250FA1A}.Debug|Any CPU.ActiveCfg = Debug|Any CPU
		{A9DE89A0-7788-4098-8BC5-ADF41250FA1A}.Debug|Any CPU.Build.0 = Debug|Any CPU
		{A9DE89A0-7788-4098-8BC5-ADF41250FA1A}.Release|Any CPU.ActiveCfg = Release|Any CPU
		{A9DE89A0-7788-4098-8BC5-ADF41250FA1A}.Release|Any CPU.Build.0 = Release|Any CPU
		{477737D7-0E0B-4EA3-9DCC-0B1C46312686}.Debug|Any CPU.ActiveCfg = Debug|Any CPU
		{477737D7-0E0B-4EA3-9DCC-0B1C46312686}.Debug|Any CPU.Build.0 = Debug|Any CPU
		{477737D7-0E0B-4EA3-9DCC-0B1C46312686}.Release|Any CPU.ActiveCfg = Release|Any CPU
		{477737D7-0E0B-4EA3-9DCC-0B1C46312686}.Release|Any CPU.Build.0 = Release|Any CPU
		{9FDF0DCD-8099-43A5-90FE-40F7A36BDB9C}.Debug|Any CPU.ActiveCfg = Debug|Any CPU
		{9FDF0DCD-8099-43A5-90FE-40F7A36BDB9C}.Debug|Any CPU.Build.0 = Debug|Any CPU
		{9FDF0DCD-8099-43A5-90FE-40F7A36BDB9C}.Release|Any CPU.ActiveCfg = Release|Any CPU
		{9FDF0DCD-8099-43A5-90FE-40F7A36BDB9C}.Release|Any CPU.Build.0 = Release|Any CPU
		{E44A521F-3A81-4C57-918F-059E5DA27CEC}.Debug|Any CPU.ActiveCfg = Debug|Any CPU
		{E44A521F-3A81-4C57-918F-059E5DA27CEC}.Debug|Any CPU.Build.0 = Debug|Any CPU
		{E44A521F-3A81-4C57-918F-059E5DA27CEC}.Release|Any CPU.ActiveCfg = Release|Any CPU
		{E44A521F-3A81-4C57-918F-059E5DA27CEC}.Release|Any CPU.Build.0 = Release|Any CPU
		{DD175595-851A-426F-8A98-EBFC6253A1AC}.Debug|Any CPU.ActiveCfg = Debug|Any CPU
		{DD175595-851A-426F-8A98-EBFC6253A1AC}.Debug|Any CPU.Build.0 = Debug|Any CPU
		{DD175595-851A-426F-8A98-EBFC6253A1AC}.Release|Any CPU.ActiveCfg = Release|Any CPU
		{DD175595-851A-426F-8A98-EBFC6253A1AC}.Release|Any CPU.Build.0 = Release|Any CPU
		{41DC9768-D844-4F8D-8566-8899500BAC9E}.Debug|Any CPU.ActiveCfg = Debug|Any CPU
		{41DC9768-D844-4F8D-8566-8899500BAC9E}.Debug|Any CPU.Build.0 = Debug|Any CPU
		{41DC9768-D844-4F8D-8566-8899500BAC9E}.Release|Any CPU.ActiveCfg = Release|Any CPU
		{41DC9768-D844-4F8D-8566-8899500BAC9E}.Release|Any CPU.Build.0 = Release|Any CPU
		{4534A18B-4E13-49E7-8A25-6B90F7EF5A76}.Debug|Any CPU.ActiveCfg = Debug|Any CPU
		{4534A18B-4E13-49E7-8A25-6B90F7EF5A76}.Debug|Any CPU.Build.0 = Debug|Any CPU
		{4534A18B-4E13-49E7-8A25-6B90F7EF5A76}.Release|Any CPU.ActiveCfg = Release|Any CPU
		{4534A18B-4E13-49E7-8A25-6B90F7EF5A76}.Release|Any CPU.Build.0 = Release|Any CPU
	EndGlobalSection
	GlobalSection(SolutionProperties) = preSolution
		HideSolutionNode = FALSE
	EndGlobalSection
	GlobalSection(NestedProjects) = preSolution
		{DF498B0D-DCD8-43B8-9D5C-7CE16E1E9CA2} = {A97551CB-179F-498F-B400-F18362E7A8AA}
		{EB9C91A6-B3A1-45EC-8454-C770A3E21E6C} = {A97551CB-179F-498F-B400-F18362E7A8AA}
		{D3E6401C-5C31-4AE7-AA4B-A70821D46839} = {55DEC3A7-53E7-4CDB-8DB0-B5720AC6C421}
		{1459F300-5293-4DBC-9FEA-A6AF2DB7C089} = {D3E6401C-5C31-4AE7-AA4B-A70821D46839}
		{25659FFF-E2F8-439C-AA78-0B7FBE371AEC} = {D3E6401C-5C31-4AE7-AA4B-A70821D46839}
		{4B0A365D-7EAF-40A3-96C0-8B9DB375BE5F} = {E7B8CB37-C712-48DD-A162-C051FF194190}
		{A9DE89A0-7788-4098-8BC5-ADF41250FA1A} = {E7B8CB37-C712-48DD-A162-C051FF194190}
		{477737D7-0E0B-4EA3-9DCC-0B1C46312686} = {47A40425-FED0-409C-BCF7-544F3AE990DF}
		{9FDF0DCD-8099-43A5-90FE-40F7A36BDB9C} = {47A40425-FED0-409C-BCF7-544F3AE990DF}
		{D45A8F19-905F-4DB9-AD24-9312910487E4} = {55DEC3A7-53E7-4CDB-8DB0-B5720AC6C421}
		{E44A521F-3A81-4C57-918F-059E5DA27CEC} = {D45A8F19-905F-4DB9-AD24-9312910487E4}
		{DD175595-851A-426F-8A98-EBFC6253A1AC} = {90E3099D-6BA4-4750-A23C-024499C8E10B}
		{41DC9768-D844-4F8D-8566-8899500BAC9E} = {90E3099D-6BA4-4750-A23C-024499C8E10B}
		{4534A18B-4E13-49E7-8A25-6B90F7EF5A76} = {832F2221-E243-4245-BAF9-0D6AB7F1C960}
	EndGlobalSection
EndGlobal
