
Microsoft Visual Studio Solution File, Format Version 12.00
# Visual Studio 14
VisualStudioVersion = 14.0.25420.1
MinimumVisualStudioVersion = 10.0.40219.1
Project("{FAE04EC0-301F-11D3-BF4B-00C04F79EFBC}") = "ValidationEngine", "Exercise1\ValidationEngine.csproj", "{DF498B0D-DCD8-43B8-9D5C-7CE16E1E9CA2}"
EndProject
Project("{FAE04EC0-301F-11D3-BF4B-00C04F79EFBC}") = "ValidationEngine.Tests", "ValidationEngine.Tests\ValidationEngine.Tests.csproj", "{EB9C91A6-B3A1-45EC-8454-C770A3E21E6C}"
EndProject
Project("{2150E333-8FDC-42A3-9474-1A3956D46DE8}") = "Exercise1", "Exercise1", "{A97551CB-179F-498F-B400-F18362E7A8AA}"
EndProject
Project("{2150E333-8FDC-42A3-9474-1A3956D46DE8}") = "NonMandatory", "NonMandatory", "{55DEC3A7-53E7-4CDB-8DB0-B5720AC6C421}"
EndProject
Project("{2150E333-8FDC-42A3-9474-1A3956D46DE8}") = "NMex1", "NMex1", "{D3E6401C-5C31-4AE7-AA4B-A70821D46839}"
EndProject
Project("{FAE04EC0-301F-11D3-BF4B-00C04F79EFBC}") = "CoinChangerApplication", "..\NonMandatory\CoinChanger\CoinChangerApplication.csproj", "{1459F300-5293-4DBC-9FEA-A6AF2DB7C089}"
EndProject
Project("{FAE04EC0-301F-11D3-BF4B-00C04F79EFBC}") = "CoinChanger.Test", "CoinChanger.Test\CoinChanger.Test.csproj", "{25659FFF-E2F8-439C-AA78-0B7FBE371AEC}"
EndProject
Global
	GlobalSection(SolutionConfigurationPlatforms) = preSolution
		Debug|Any CPU = Debug|Any CPU
		Release|Any CPU = Release|Any CPU
	EndGlobalSection
	GlobalSection(ProjectConfigurationPlatforms) = postSolution
		{DF498B0D-DCD8-43B8-9D5C-7CE16E1E9CA2}.Debug|Any CPU.ActiveCfg = Debug|Any CPU
		{DF498B0D-DCD8-43B8-9D5C-7CE16E1E9CA2}.Debug|Any CPU.Build.0 = Debug|Any CPU
		{DF498B0D-DCD8-43B8-9D5C-7CE16E1E9CA2}.Release|Any CPU.ActiveCfg = Release|Any CPU
		{DF498B0D-DCD8-43B8-9D5C-7CE16E1E9CA2}.Release|Any CPU.Build.0 = Release|Any CPU
		{EB9C91A6-B3A1-45EC-8454-C770A3E21E6C}.Debug|Any CPU.ActiveCfg = Debug|Any CPU
		{EB9C91A6-B3A1-45EC-8454-C770A3E21E6C}.Debug|Any CPU.Build.0 = Debug|Any CPU
		{EB9C91A6-B3A1-45EC-8454-C770A3E21E6C}.Release|Any CPU.ActiveCfg = Release|Any CPU
		{EB9C91A6-B3A1-45EC-8454-C770A3E21E6C}.Release|Any CPU.Build.0 = Release|Any CPU
		{1459F300-5293-4DBC-9FEA-A6AF2DB7C089}.Debug|Any CPU.ActiveCfg = Debug|Any CPU
		{1459F300-5293-4DBC-9FEA-A6AF2DB7C089}.Debug|Any CPU.Build.0 = Debug|Any CPU
		{1459F300-5293-4DBC-9FEA-A6AF2DB7C089}.Release|Any CPU.ActiveCfg = Release|Any CPU
		{1459F300-5293-4DBC-9FEA-A6AF2DB7C089}.Release|Any CPU.Build.0 = Release|Any CPU
		{25659FFF-E2F8-439C-AA78-0B7FBE371AEC}.Debug|Any CPU.ActiveCfg = Debug|Any CPU
		{25659FFF-E2F8-439C-AA78-0B7FBE371AEC}.Debug|Any CPU.Build.0 = Debug|Any CPU
		{25659FFF-E2F8-439C-AA78-0B7FBE371AEC}.Release|Any CPU.ActiveCfg = Release|Any CPU
		{25659FFF-E2F8-439C-AA78-0B7FBE371AEC}.Release|Any CPU.Build.0 = Release|Any CPU
	EndGlobalSection
	GlobalSection(SolutionProperties) = preSolution
		HideSolutionNode = FALSE
	EndGlobalSection
	GlobalSection(NestedProjects) = preSolution
		{DF498B0D-DCD8-43B8-9D5C-7CE16E1E9CA2} = {A97551CB-179F-498F-B400-F18362E7A8AA}
		{EB9C91A6-B3A1-45EC-8454-C770A3E21E6C} = {A97551CB-179F-498F-B400-F18362E7A8AA}
		{D3E6401C-5C31-4AE7-AA4B-A70821D46839} = {55DEC3A7-53E7-4CDB-8DB0-B5720AC6C421}
		{1459F300-5293-4DBC-9FEA-A6AF2DB7C089} = {D3E6401C-5C31-4AE7-AA4B-A70821D46839}
		{25659FFF-E2F8-439C-AA78-0B7FBE371AEC} = {D3E6401C-5C31-4AE7-AA4B-A70821D46839}
	EndGlobalSection
EndGlobal
